// !$*UTF8*$!
{
	archiveVersion = 1;
	classes = {
	};
	objectVersion = 56;
	objects = {

/* Begin PBXBuildFile section */
		CD6F74192964E6B0003EEBB1 /* AppDelegate.swift in Sources */ = {isa = PBXBuildFile; fileRef = CD6F74182964E6B0003EEBB1 /* AppDelegate.swift */; };
		CD6F741B2964E6B0003EEBB1 /* SceneDelegate.swift in Sources */ = {isa = PBXBuildFile; fileRef = CD6F741A2964E6B0003EEBB1 /* SceneDelegate.swift */; };
		CD6F741D2964E6B0003EEBB1 /* ViewController.swift in Sources */ = {isa = PBXBuildFile; fileRef = CD6F741C2964E6B0003EEBB1 /* ViewController.swift */; };
		CD6F74202964E6B0003EEBB1 /* Main.storyboard in Resources */ = {isa = PBXBuildFile; fileRef = CD6F741E2964E6B0003EEBB1 /* Main.storyboard */; };
		CD6F74222964E6B2003EEBB1 /* Assets.xcassets in Resources */ = {isa = PBXBuildFile; fileRef = CD6F74212964E6B2003EEBB1 /* Assets.xcassets */; };
		CD6F74252964E6B2003EEBB1 /* LaunchScreen.storyboard in Resources */ = {isa = PBXBuildFile; fileRef = CD6F74232964E6B2003EEBB1 /* LaunchScreen.storyboard */; };
		CD6F74302964E6B2003EEBB1 /* I_am_richTests.swift in Sources */ = {isa = PBXBuildFile; fileRef = CD6F742F2964E6B2003EEBB1 /* I_am_richTests.swift */; };
		CD6F743A2964E6B2003EEBB1 /* I_am_richUITests.swift in Sources */ = {isa = PBXBuildFile; fileRef = CD6F74392964E6B2003EEBB1 /* I_am_richUITests.swift */; };
		CD6F743C2964E6B2003EEBB1 /* I_am_richUITestsLaunchTests.swift in Sources */ = {isa = PBXBuildFile; fileRef = CD6F743B2964E6B2003EEBB1 /* I_am_richUITestsLaunchTests.swift */; };
/* End PBXBuildFile section */

/* Begin PBXContainerItemProxy section */
		CD6F742C2964E6B2003EEBB1 /* PBXContainerItemProxy */ = {
			isa = PBXContainerItemProxy;
			containerPortal = CD6F740D2964E6B0003EEBB1 /* Project object */;
			proxyType = 1;
			remoteGlobalIDString = CD6F74142964E6B0003EEBB1;
			remoteInfo = "I am rich";
		};
		CD6F74362964E6B2003EEBB1 /* PBXContainerItemProxy */ = {
			isa = PBXContainerItemProxy;
			containerPortal = CD6F740D2964E6B0003EEBB1 /* Project object */;
			proxyType = 1;
			remoteGlobalIDString = CD6F74142964E6B0003EEBB1;
			remoteInfo = "I am rich";
		};
/* End PBXContainerItemProxy section */

/* Begin PBXFileReference section */
		CD6F74152964E6B0003EEBB1 /* I am rich.app */ = {isa = PBXFileReference; explicitFileType = wrapper.application; includeInIndex = 0; path = "I am rich.app"; sourceTree = BUILT_PRODUCTS_DIR; };
		CD6F74182964E6B0003EEBB1 /* AppDelegate.swift */ = {isa = PBXFileReference; lastKnownFileType = sourcecode.swift; path = AppDelegate.swift; sourceTree = "<group>"; };
		CD6F741A2964E6B0003EEBB1 /* SceneDelegate.swift */ = {isa = PBXFileReference; lastKnownFileType = sourcecode.swift; path = SceneDelegate.swift; sourceTree = "<group>"; };
		CD6F741C2964E6B0003EEBB1 /* ViewController.swift */ = {isa = PBXFileReference; lastKnownFileType = sourcecode.swift; path = ViewController.swift; sourceTree = "<group>"; };
		CD6F741F2964E6B0003EEBB1 /* Base */ = {isa = PBXFileReference; lastKnownFileType = file.storyboard; name = Base; path = Base.lproj/Main.storyboard; sourceTree = "<group>"; };
		CD6F74212964E6B2003EEBB1 /* Assets.xcassets */ = {isa = PBXFileReference; lastKnownFileType = folder.assetcatalog; path = Assets.xcassets; sourceTree = "<group>"; };
		CD6F74242964E6B2003EEBB1 /* Base */ = {isa = PBXFileReference; lastKnownFileType = file.storyboard; name = Base; path = Base.lproj/LaunchScreen.storyboard; sourceTree = "<group>"; };
		CD6F74262964E6B2003EEBB1 /* Info.plist */ = {isa = PBXFileReference; lastKnownFileType = text.plist.xml; path = Info.plist; sourceTree = "<group>"; };
		CD6F742B2964E6B2003EEBB1 /* I am richTests.xctest */ = {isa = PBXFileReference; explicitFileType = wrapper.cfbundle; includeInIndex = 0; path = "I am richTests.xctest"; sourceTree = BUILT_PRODUCTS_DIR; };
		CD6F742F2964E6B2003EEBB1 /* I_am_richTests.swift */ = {isa = PBXFileReference; lastKnownFileType = sourcecode.swift; path = I_am_richTests.swift; sourceTree = "<group>"; };
		CD6F74352964E6B2003EEBB1 /* I am richUITests.xctest */ = {isa = PBXFileReference; explicitFileType = wrapper.cfbundle; includeInIndex = 0; path = "I am richUITests.xctest"; sourceTree = BUILT_PRODUCTS_DIR; };
		CD6F74392964E6B2003EEBB1 /* I_am_richUITests.swift */ = {isa = PBXFileReference; lastKnownFileType = sourcecode.swift; path = I_am_richUITests.swift; sourceTree = "<group>"; };
		CD6F743B2964E6B2003EEBB1 /* I_am_richUITestsLaunchTests.swift */ = {isa = PBXFileReference; lastKnownFileType = sourcecode.swift; path = I_am_richUITestsLaunchTests.swift; sourceTree = "<group>"; };
/* End PBXFileReference section */

/* Begin PBXFrameworksBuildPhase section */
		CD6F74122964E6B0003EEBB1 /* Frameworks */ = {
			isa = PBXFrameworksBuildPhase;
			buildActionMask = 2147483647;
			files = (
			);
			runOnlyForDeploymentPostprocessing = 0;
		};
		CD6F74282964E6B2003EEBB1 /* Frameworks */ = {
			isa = PBXFrameworksBuildPhase;
			buildActionMask = 2147483647;
			files = (
			);
			runOnlyForDeploymentPostprocessing = 0;
		};
		CD6F74322964E6B2003EEBB1 /* Frameworks */ = {
			isa = PBXFrameworksBuildPhase;
			buildActionMask = 2147483647;
			files = (
			);
			runOnlyForDeploymentPostprocessing = 0;
		};
/* End PBXFrameworksBuildPhase section */

/* Begin PBXGroup section */
		CD6F740C2964E6B0003EEBB1 = {
			isa = PBXGroup;
			children = (
				CD6F74172964E6B0003EEBB1 /* I am rich */,
				CD6F742E2964E6B2003EEBB1 /* I am richTests */,
				CD6F74382964E6B2003EEBB1 /* I am richUITests */,
				CD6F74162964E6B0003EEBB1 /* Products */,
			);
			sourceTree = "<group>";
		};
		CD6F74162964E6B0003EEBB1 /* Products */ = {
			isa = PBXGroup;
			children = (
				CD6F74152964E6B0003EEBB1 /* I am rich.app */,
				CD6F742B2964E6B2003EEBB1 /* I am richTests.xctest */,
				CD6F74352964E6B2003EEBB1 /* I am richUITests.xctest */,
			);
			name = Products;
			sourceTree = "<group>";
		};
		CD6F74172964E6B0003EEBB1 /* I am rich */ = {
			isa = PBXGroup;
			children = (
				CD6F74182964E6B0003EEBB1 /* AppDelegate.swift */,
				CD6F741A2964E6B0003EEBB1 /* SceneDelegate.swift */,
				CD6F741C2964E6B0003EEBB1 /* ViewController.swift */,
				CD6F741E2964E6B0003EEBB1 /* Main.storyboard */,
				CD6F74212964E6B2003EEBB1 /* Assets.xcassets */,
				CD6F74232964E6B2003EEBB1 /* LaunchScreen.storyboard */,
				CD6F74262964E6B2003EEBB1 /* Info.plist */,
			);
			path = "I am rich";
			sourceTree = "<group>";
		};
		CD6F742E2964E6B2003EEBB1 /* I am richTests */ = {
			isa = PBXGroup;
			children = (
				CD6F742F2964E6B2003EEBB1 /* I_am_richTests.swift */,
			);
			path = "I am richTests";
			sourceTree = "<group>";
		};
		CD6F74382964E6B2003EEBB1 /* I am richUITests */ = {
			isa = PBXGroup;
			children = (
				CD6F74392964E6B2003EEBB1 /* I_am_richUITests.swift */,
				CD6F743B2964E6B2003EEBB1 /* I_am_richUITestsLaunchTests.swift */,
			);
			path = "I am richUITests";
			sourceTree = "<group>";
		};
/* End PBXGroup section */

/* Begin PBXNativeTarget section */
		CD6F74142964E6B0003EEBB1 /* I am rich */ = {
			isa = PBXNativeTarget;
			buildConfigurationList = CD6F743F2964E6B2003EEBB1 /* Build configuration list for PBXNativeTarget "I am rich" */;
			buildPhases = (
				CD6F74112964E6B0003EEBB1 /* Sources */,
				CD6F74122964E6B0003EEBB1 /* Frameworks */,
				CD6F74132964E6B0003EEBB1 /* Resources */,
			);
			buildRules = (
			);
			dependencies = (
			);
			name = "I am rich";
			productName = "I am rich";
			productReference = CD6F74152964E6B0003EEBB1 /* I am rich.app */;
			productType = "com.apple.product-type.application";
		};
		CD6F742A2964E6B2003EEBB1 /* I am richTests */ = {
			isa = PBXNativeTarget;
			buildConfigurationList = CD6F74422964E6B2003EEBB1 /* Build configuration list for PBXNativeTarget "I am richTests" */;
			buildPhases = (
				CD6F74272964E6B2003EEBB1 /* Sources */,
				CD6F74282964E6B2003EEBB1 /* Frameworks */,
				CD6F74292964E6B2003EEBB1 /* Resources */,
			);
			buildRules = (
			);
			dependencies = (
				CD6F742D2964E6B2003EEBB1 /* PBXTargetDependency */,
			);
			name = "I am richTests";
			productName = "I am richTests";
			productReference = CD6F742B2964E6B2003EEBB1 /* I am richTests.xctest */;
			productType = "com.apple.product-type.bundle.unit-test";
		};
		CD6F74342964E6B2003EEBB1 /* I am richUITests */ = {
			isa = PBXNativeTarget;
			buildConfigurationList = CD6F74452964E6B2003EEBB1 /* Build configuration list for PBXNativeTarget "I am richUITests" */;
			buildPhases = (
				CD6F74312964E6B2003EEBB1 /* Sources */,
				CD6F74322964E6B2003EEBB1 /* Frameworks */,
				CD6F74332964E6B2003EEBB1 /* Resources */,
			);
			buildRules = (
			);
			dependencies = (
				CD6F74372964E6B2003EEBB1 /* PBXTargetDependency */,
			);
			name = "I am richUITests";
			productName = "I am richUITests";
			productReference = CD6F74352964E6B2003EEBB1 /* I am richUITests.xctest */;
			productType = "com.apple.product-type.bundle.ui-testing";
		};
/* End PBXNativeTarget section */

/* Begin PBXProject section */
		CD6F740D2964E6B0003EEBB1 /* Project object */ = {
			isa = PBXProject;
			attributes = {
				BuildIndependentTargetsInParallel = 1;
				LastSwiftUpdateCheck = 1420;
				LastUpgradeCheck = 1420;
				TargetAttributes = {
					CD6F74142964E6B0003EEBB1 = {
						CreatedOnToolsVersion = 14.2;
					};
					CD6F742A2964E6B2003EEBB1 = {
						CreatedOnToolsVersion = 14.2;
						TestTargetID = CD6F74142964E6B0003EEBB1;
					};
					CD6F74342964E6B2003EEBB1 = {
						CreatedOnToolsVersion = 14.2;
						TestTargetID = CD6F74142964E6B0003EEBB1;
					};
				};
			};
			buildConfigurationList = CD6F74102964E6B0003EEBB1 /* Build configuration list for PBXProject "I am rich" */;
			compatibilityVersion = "Xcode 14.0";
			developmentRegion = en;
			hasScannedForEncodings = 0;
			knownRegions = (
				en,
				Base,
			);
			mainGroup = CD6F740C2964E6B0003EEBB1;
			productRefGroup = CD6F74162964E6B0003EEBB1 /* Products */;
			projectDirPath = "";
			projectRoot = "";
			targets = (
				CD6F74142964E6B0003EEBB1 /* I am rich */,
				CD6F742A2964E6B2003EEBB1 /* I am richTests */,
				CD6F74342964E6B2003EEBB1 /* I am richUITests */,
			);
		};
/* End PBXProject section */

/* Begin PBXResourcesBuildPhase section */
		CD6F74132964E6B0003EEBB1 /* Resources */ = {
			isa = PBXResourcesBuildPhase;
			buildActionMask = 2147483647;
			files = (
				CD6F74252964E6B2003EEBB1 /* LaunchScreen.storyboard in Resources */,
				CD6F74222964E6B2003EEBB1 /* Assets.xcassets in Resources */,
				CD6F74202964E6B0003EEBB1 /* Main.storyboard in Resources */,
			);
			runOnlyForDeploymentPostprocessing = 0;
		};
		CD6F74292964E6B2003EEBB1 /* Resources */ = {
			isa = PBXResourcesBuildPhase;
			buildActionMask = 2147483647;
			files = (
			);
			runOnlyForDeploymentPostprocessing = 0;
		};
		CD6F74332964E6B2003EEBB1 /* Resources */ = {
			isa = PBXResourcesBuildPhase;
			buildActionMask = 2147483647;
			files = (
			);
			runOnlyForDeploymentPostprocessing = 0;
		};
/* End PBXResourcesBuildPhase section */

/* Begin PBXSourcesBuildPhase section */
		CD6F74112964E6B0003EEBB1 /* Sources */ = {
			isa = PBXSourcesBuildPhase;
			buildActionMask = 2147483647;
			files = (
				CD6F741D2964E6B0003EEBB1 /* ViewController.swift in Sources */,
				CD6F74192964E6B0003EEBB1 /* AppDelegate.swift in Sources */,
				CD6F741B2964E6B0003EEBB1 /* SceneDelegate.swift in Sources */,
			);
			runOnlyForDeploymentPostprocessing = 0;
		};
		CD6F74272964E6B2003EEBB1 /* Sources */ = {
			isa = PBXSourcesBuildPhase;
			buildActionMask = 2147483647;
			files = (
				CD6F74302964E6B2003EEBB1 /* I_am_richTests.swift in Sources */,
			);
			runOnlyForDeploymentPostprocessing = 0;
		};
		CD6F74312964E6B2003EEBB1 /* Sources */ = {
			isa = PBXSourcesBuildPhase;
			buildActionMask = 2147483647;
			files = (
				CD6F743C2964E6B2003EEBB1 /* I_am_richUITestsLaunchTests.swift in Sources */,
				CD6F743A2964E6B2003EEBB1 /* I_am_richUITests.swift in Sources */,
			);
			runOnlyForDeploymentPostprocessing = 0;
		};
/* End PBXSourcesBuildPhase section */

/* Begin PBXTargetDependency section */
		CD6F742D2964E6B2003EEBB1 /* PBXTargetDependency */ = {
			isa = PBXTargetDependency;
			target = CD6F74142964E6B0003EEBB1 /* I am rich */;
			targetProxy = CD6F742C2964E6B2003EEBB1 /* PBXContainerItemProxy */;
		};
		CD6F74372964E6B2003EEBB1 /* PBXTargetDependency */ = {
			isa = PBXTargetDependency;
			target = CD6F74142964E6B0003EEBB1 /* I am rich */;
			targetProxy = CD6F74362964E6B2003EEBB1 /* PBXContainerItemProxy */;
		};
/* End PBXTargetDependency section */

/* Begin PBXVariantGroup section */
		CD6F741E2964E6B0003EEBB1 /* Main.storyboard */ = {
			isa = PBXVariantGroup;
			children = (
				CD6F741F2964E6B0003EEBB1 /* Base */,
			);
			name = Main.storyboard;
			sourceTree = "<group>";
		};
		CD6F74232964E6B2003EEBB1 /* LaunchScreen.storyboard */ = {
			isa = PBXVariantGroup;
			children = (
				CD6F74242964E6B2003EEBB1 /* Base */,
			);
			name = LaunchScreen.storyboard;
			sourceTree = "<group>";
		};
/* End PBXVariantGroup section */

/* Begin XCBuildConfiguration section */
		CD6F743D2964E6B2003EEBB1 /* Debug */ = {
			isa = XCBuildConfiguration;
			buildSettings = {
				ALWAYS_SEARCH_USER_PATHS = NO;
				CLANG_ANALYZER_NONNULL = YES;
				CLANG_ANALYZER_NUMBER_OBJECT_CONVERSION = YES_AGGRESSIVE;
				CLANG_CXX_LANGUAGE_STANDARD = "gnu++20";
				CLANG_ENABLE_MODULES = YES;
				CLANG_ENABLE_OBJC_ARC = YES;
				CLANG_ENABLE_OBJC_WEAK = YES;
				CLANG_WARN_BLOCK_CAPTURE_AUTORELEASING = YES;
				CLANG_WARN_BOOL_CONVERSION = YES;
				CLANG_WARN_COMMA = YES;
				CLANG_WARN_CONSTANT_CONVERSION = YES;
				CLANG_WARN_DEPRECATED_OBJC_IMPLEMENTATIONS = YES;
				CLANG_WARN_DIRECT_OBJC_ISA_USAGE = YES_ERROR;
				CLANG_WARN_DOCUMENTATION_COMMENTS = YES;
				CLANG_WARN_EMPTY_BODY = YES;
				CLANG_WARN_ENUM_CONVERSION = YES;
				CLANG_WARN_INFINITE_RECURSION = YES;
				CLANG_WARN_INT_CONVERSION = YES;
				CLANG_WARN_NON_LITERAL_NULL_CONVERSION = YES;
				CLANG_WARN_OBJC_IMPLICIT_RETAIN_SELF = YES;
				CLANG_WARN_OBJC_LITERAL_CONVERSION = YES;
				CLANG_WARN_OBJC_ROOT_CLASS = YES_ERROR;
				CLANG_WARN_QUOTED_INCLUDE_IN_FRAMEWORK_HEADER = YES;
				CLANG_WARN_RANGE_LOOP_ANALYSIS = YES;
				CLANG_WARN_STRICT_PROTOTYPES = YES;
				CLANG_WARN_SUSPICIOUS_MOVE = YES;
				CLANG_WARN_UNGUARDED_AVAILABILITY = YES_AGGRESSIVE;
				CLANG_WARN_UNREACHABLE_CODE = YES;
				CLANG_WARN__DUPLICATE_METHOD_MATCH = YES;
				COPY_PHASE_STRIP = NO;
				DEBUG_INFORMATION_FORMAT = dwarf;
				ENABLE_STRICT_OBJC_MSGSEND = YES;
				ENABLE_TESTABILITY = YES;
				GCC_C_LANGUAGE_STANDARD = gnu11;
				GCC_DYNAMIC_NO_PIC = NO;
				GCC_NO_COMMON_BLOCKS = YES;
				GCC_OPTIMIZATION_LEVEL = 0;
				GCC_PREPROCESSOR_DEFINITIONS = (
					"DEBUG=1",
					"$(inherited)",
				);
				GCC_WARN_64_TO_32_BIT_CONVERSION = YES;
				GCC_WARN_ABOUT_RETURN_TYPE = YES_ERROR;
				GCC_WARN_UNDECLARED_SELECTOR = YES;
				GCC_WARN_UNINITIALIZED_AUTOS = YES_AGGRESSIVE;
				GCC_WARN_UNUSED_FUNCTION = YES;
				GCC_WARN_UNUSED_VARIABLE = YES;
				IPHONEOS_DEPLOYMENT_TARGET = 16.2;
				MTL_ENABLE_DEBUG_INFO = INCLUDE_SOURCE;
				MTL_FAST_MATH = YES;
				ONLY_ACTIVE_ARCH = YES;
				SDKROOT = iphoneos;
				SWIFT_ACTIVE_COMPILATION_CONDITIONS = DEBUG;
				SWIFT_OPTIMIZATION_LEVEL = "-Onone";
			};
			name = Debug;
		};
		CD6F743E2964E6B2003EEBB1 /* Release */ = {
			isa = XCBuildConfiguration;
			buildSettings = {
				ALWAYS_SEARCH_USER_PATHS = NO;
				CLANG_ANALYZER_NONNULL = YES;
				CLANG_ANALYZER_NUMBER_OBJECT_CONVERSION = YES_AGGRESSIVE;
				CLANG_CXX_LANGUAGE_STANDARD = "gnu++20";
				CLANG_ENABLE_MODULES = YES;
				CLANG_ENABLE_OBJC_ARC = YES;
				CLANG_ENABLE_OBJC_WEAK = YES;
				CLANG_WARN_BLOCK_CAPTURE_AUTORELEASING = YES;
				CLANG_WARN_BOOL_CONVERSION = YES;
				CLANG_WARN_COMMA = YES;
				CLANG_WARN_CONSTANT_CONVERSION = YES;
				CLANG_WARN_DEPRECATED_OBJC_IMPLEMENTATIONS = YES;
				CLANG_WARN_DIRECT_OBJC_ISA_USAGE = YES_ERROR;
				CLANG_WARN_DOCUMENTATION_COMMENTS = YES;
				CLANG_WARN_EMPTY_BODY = YES;
				CLANG_WARN_ENUM_CONVERSION = YES;
				CLANG_WARN_INFINITE_RECURSION = YES;
				CLANG_WARN_INT_CONVERSION = YES;
				CLANG_WARN_NON_LITERAL_NULL_CONVERSION = YES;
				CLANG_WARN_OBJC_IMPLICIT_RETAIN_SELF = YES;
				CLANG_WARN_OBJC_LITERAL_CONVERSION = YES;
				CLANG_WARN_OBJC_ROOT_CLASS = YES_ERROR;
				CLANG_WARN_QUOTED_INCLUDE_IN_FRAMEWORK_HEADER = YES;
				CLANG_WARN_RANGE_LOOP_ANALYSIS = YES;
				CLANG_WARN_STRICT_PROTOTYPES = YES;
				CLANG_WARN_SUSPICIOUS_MOVE = YES;
				CLANG_WARN_UNGUARDED_AVAILABILITY = YES_AGGRESSIVE;
				CLANG_WARN_UNREACHABLE_CODE = YES;
				CLANG_WARN__DUPLICATE_METHOD_MATCH = YES;
				COPY_PHASE_STRIP = NO;
				DEBUG_INFORMATION_FORMAT = "dwarf-with-dsym";
				ENABLE_NS_ASSERTIONS = NO;
				ENABLE_STRICT_OBJC_MSGSEND = YES;
				GCC_C_LANGUAGE_STANDARD = gnu11;
				GCC_NO_COMMON_BLOCKS = YES;
				GCC_WARN_64_TO_32_BIT_CONVERSION = YES;
				GCC_WARN_ABOUT_RETURN_TYPE = YES_ERROR;
				GCC_WARN_UNDECLARED_SELECTOR = YES;
				GCC_WARN_UNINITIALIZED_AUTOS = YES_AGGRESSIVE;
				GCC_WARN_UNUSED_FUNCTION = YES;
				GCC_WARN_UNUSED_VARIABLE = YES;
				IPHONEOS_DEPLOYMENT_TARGET = 16.2;
				MTL_ENABLE_DEBUG_INFO = NO;
				MTL_FAST_MATH = YES;
				SDKROOT = iphoneos;
				SWIFT_COMPILATION_MODE = wholemodule;
				SWIFT_OPTIMIZATION_LEVEL = "-O";
				VALIDATE_PRODUCT = YES;
			};
			name = Release;
		};
		CD6F74402964E6B2003EEBB1 /* Debug */ = {
			isa = XCBuildConfiguration;
			buildSettings = {
				ASSETCATALOG_COMPILER_APPICON_NAME = AppIcon;
				ASSETCATALOG_COMPILER_GLOBAL_ACCENT_COLOR_NAME = AccentColor;
				CODE_SIGN_STYLE = Automatic;
				CURRENT_PROJECT_VERSION = 1;
				GENERATE_INFOPLIST_FILE = YES;
				INFOPLIST_FILE = "I am rich/Info.plist";
				INFOPLIST_KEY_UIApplicationSupportsIndirectInputEvents = YES;
				INFOPLIST_KEY_UILaunchStoryboardName = LaunchScreen;
				INFOPLIST_KEY_UIMainStoryboardFile = Main;
				INFOPLIST_KEY_UISupportedInterfaceOrientations_iPad = "UIInterfaceOrientationPortrait UIInterfaceOrientationPortraitUpsideDown UIInterfaceOrientationLandscapeLeft UIInterfaceOrientationLandscapeRight";
				INFOPLIST_KEY_UISupportedInterfaceOrientations_iPhone = "UIInterfaceOrientationPortrait UIInterfaceOrientationLandscapeLeft UIInterfaceOrientationLandscapeRight";
				LD_RUNPATH_SEARCH_PATHS = (
					"$(inherited)",
					"@executable_path/Frameworks",
				);
				MARKETING_VERSION = 1.0;
				PRODUCT_BUNDLE_IDENTIFIER = "com.betanyeli.I-am-rich";
				PRODUCT_NAME = "$(TARGET_NAME)";
				SWIFT_EMIT_LOC_STRINGS = YES;
				SWIFT_VERSION = 5.0;
				TARGETED_DEVICE_FAMILY = "1,2";
			};
			name = Debug;
		};
		CD6F74412964E6B2003EEBB1 /* Release */ = {
			isa = XCBuildConfiguration;
			buildSettings = {
				ASSETCATALOG_COMPILER_APPICON_NAME = AppIcon;
				ASSETCATALOG_COMPILER_GLOBAL_ACCENT_COLOR_NAME = AccentColor;
				CODE_SIGN_STYLE = Automatic;
				CURRENT_PROJECT_VERSION = 1;
				GENERATE_INFOPLIST_FILE = YES;
				INFOPLIST_FILE = "I am rich/Info.plist";
				INFOPLIST_KEY_UIApplicationSupportsIndirectInputEvents = YES;
				INFOPLIST_KEY_UILaunchStoryboardName = LaunchScreen;
				INFOPLIST_KEY_UIMainStoryboardFile = Main;
				INFOPLIST_KEY_UISupportedInterfaceOrientations_iPad = "UIInterfaceOrientationPortrait UIInterfaceOrientationPortraitUpsideDown UIInterfaceOrientationLandscapeLeft UIInterfaceOrientationLandscapeRight";
				INFOPLIST_KEY_UISupportedInterfaceOrientations_iPhone = "UIInterfaceOrientationPortrait UIInterfaceOrientationLandscapeLeft UIInterfaceOrientationLandscapeRight";
				LD_RUNPATH_SEARCH_PATHS = (
					"$(inherited)",
					"@executable_path/Frameworks",
				);
				MARKETING_VERSION = 1.0;
				PRODUCT_BUNDLE_IDENTIFIER = "com.betanyeli.I-am-rich";
				PRODUCT_NAME = "$(TARGET_NAME)";
				SWIFT_EMIT_LOC_STRINGS = YES;
				SWIFT_VERSION = 5.0;
				TARGETED_DEVICE_FAMILY = "1,2";
			};
			name = Release;
		};
		CD6F74432964E6B2003EEBB1 /* Debug */ = {
			isa = XCBuildConfiguration;
			buildSettings = {
				ALWAYS_EMBED_SWIFT_STANDARD_LIBRARIES = YES;
				BUNDLE_LOADER = "$(TEST_HOST)";
				CODE_SIGN_STYLE = Automatic;
				CURRENT_PROJECT_VERSION = 1;
				GENERATE_INFOPLIST_FILE = YES;
				IPHONEOS_DEPLOYMENT_TARGET = 16.2;
				MARKETING_VERSION = 1.0;
				PRODUCT_BUNDLE_IDENTIFIER = "com.betanyeli.I-am-richTests";
				PRODUCT_NAME = "$(TARGET_NAME)";
				SWIFT_EMIT_LOC_STRINGS = NO;
				SWIFT_VERSION = 5.0;
				TARGETED_DEVICE_FAMILY = "1,2";
				TEST_HOST = "$(BUILT_PRODUCTS_DIR)/I am rich.app/$(BUNDLE_EXECUTABLE_FOLDER_PATH)/I am rich";
			};
			name = Debug;
		};
		CD6F74442964E6B2003EEBB1 /* Release */ = {
			isa = XCBuildConfiguration;
			buildSettings = {
				ALWAYS_EMBED_SWIFT_STANDARD_LIBRARIES = YES;
				BUNDLE_LOADER = "$(TEST_HOST)";
				CODE_SIGN_STYLE = Automatic;
				CURRENT_PROJECT_VERSION = 1;
				GENERATE_INFOPLIST_FILE = YES;
				IPHONEOS_DEPLOYMENT_TARGET = 16.2;
				MARKETING_VERSION = 1.0;
				PRODUCT_BUNDLE_IDENTIFIER = "com.betanyeli.I-am-richTests";
				PRODUCT_NAME = "$(TARGET_NAME)";
				SWIFT_EMIT_LOC_STRINGS = NO;
				SWIFT_VERSION = 5.0;
				TARGETED_DEVICE_FAMILY = "1,2";
				TEST_HOST = "$(BUILT_PRODUCTS_DIR)/I am rich.app/$(BUNDLE_EXECUTABLE_FOLDER_PATH)/I am rich";
			};
			name = Release;
		};
		CD6F74462964E6B2003EEBB1 /* Debug */ = {
			isa = XCBuildConfiguration;
			buildSettings = {
				ALWAYS_EMBED_SWIFT_STANDARD_LIBRARIES = YES;
				CODE_SIGN_STYLE = Automatic;
				CURRENT_PROJECT_VERSION = 1;
				GENERATE_INFOPLIST_FILE = YES;
				MARKETING_VERSION = 1.0;
				PRODUCT_BUNDLE_IDENTIFIER = "com.betanyeli.I-am-richUITests";
				PRODUCT_NAME = "$(TARGET_NAME)";
				SWIFT_EMIT_LOC_STRINGS = NO;
				SWIFT_VERSION = 5.0;
				TARGETED_DEVICE_FAMILY = "1,2";
				TEST_TARGET_NAME = "I am rich";
			};
			name = Debug;
		};
		CD6F74472964E6B2003EEBB1 /* Release */ = {
			isa = XCBuildConfiguration;
			buildSettings = {
				ALWAYS_EMBED_SWIFT_STANDARD_LIBRARIES = YES;
				CODE_SIGN_STYLE = Automatic;
				CURRENT_PROJECT_VERSION = 1;
				GENERATE_INFOPLIST_FILE = YES;
				MARKETING_VERSION = 1.0;
				PRODUCT_BUNDLE_IDENTIFIER = "com.betanyeli.I-am-richUITests";
				PRODUCT_NAME = "$(TARGET_NAME)";
				SWIFT_EMIT_LOC_STRINGS = NO;
				SWIFT_VERSION = 5.0;
				TARGETED_DEVICE_FAMILY = "1,2";
				TEST_TARGET_NAME = "I am rich";
			};
			name = Release;
		};
/* End XCBuildConfiguration section */

/* Begin XCConfigurationList section */
		CD6F74102964E6B0003EEBB1 /* Build configuration list for PBXProject "I am rich" */ = {
			isa = XCConfigurationList;
			buildConfigurations = (
				CD6F743D2964E6B2003EEBB1 /* Debug */,
				CD6F743E2964E6B2003EEBB1 /* Release */,
			);
			defaultConfigurationIsVisible = 0;
			defaultConfigurationName = Release;
		};
		CD6F743F2964E6B2003EEBB1 /* Build configuration list for PBXNativeTarget "I am rich" */ = {
			isa = XCConfigurationList;
			buildConfigurations = (
				CD6F74402964E6B2003EEBB1 /* Debug */,
				CD6F74412964E6B2003EEBB1 /* Release */,
			);
			defaultConfigurationIsVisible = 0;
			defaultConfigurationName = Release;
		};
		CD6F74422964E6B2003EEBB1 /* Build configuration list for PBXNativeTarget "I am richTests" */ = {
			isa = XCConfigurationList;
			buildConfigurations = (
				CD6F74432964E6B2003EEBB1 /* Debug */,
				CD6F74442964E6B2003EEBB1 /* Release */,
			);
			defaultConfigurationIsVisible = 0;
			defaultConfigurationName = Release;
		};
		CD6F74452964E6B2003EEBB1 /* Build configuration list for PBXNativeTarget "I am richUITests" */ = {
			isa = XCConfigurationList;
			buildConfigurations = (
				CD6F74462964E6B2003EEBB1 /* Debug */,
				CD6F74472964E6B2003EEBB1 /* Release */,
			);
			defaultConfigurationIsVisible = 0;
			defaultConfigurationName = Release;
		};
/* End XCConfigurationList section */
	};
	rootObject = CD6F740D2964E6B0003EEBB1 /* Project object */;
}
